# THIS IS AN AUTOGENERATED FILE. DO NOT EDIT THIS FILE DIRECTLY.
# yarn lockfile v1


framesync@^3.0.2, framesync@^3.1.7:
  version "3.1.9"
  resolved "https://registry.yarnpkg.com/framesync/-/framesync-3.1.9.tgz#f65f815c711cf876f343b1f63da6e18b1384172f"
  integrity sha512-avNik/k8Wy0r+A2LkoS+4mBb9PoamhBni2u64gRgs5kc1YrApshw6vDL0tqWxdqcUOXSSg6gI9oN0l0GN/FFjA==

popmotion@8.1.24:
  version "8.1.24"
  resolved "https://registry.yarnpkg.com/popmotion/-/popmotion-8.1.24.tgz#9c8943a0dda1a39163cf3e42116c1fb6c41e331e"
  integrity sha512-Q4FO/TCMdfqlHwzhl0g+2Dolr5Zx3Qr/H5D3nXv2478ndbg0kF6gqMra34v/yK3KQP51extHpxOvibocV6DRiw==
  dependencies:
    framesync "^3.1.7"
    style-value-types "^1.0.4"
    stylefire "^1.2.9"

style-value-types@^1.0.4:
  version "1.0.10"
  resolved "https://registry.yarnpkg.com/style-value-types/-/style-value-types-1.0.10.tgz#e46a11922f7b9efe265fb22bfd3b5429611bc016"
  integrity sha512-RFnSnkqp9GHoUUdlwYxVdmZ4uCpT0E3HqXVGIW7dCewx+ZjS7t+E/Z7XV4DD8gBQCD+GtaGzH+ZlkG1k53PHAg==

stylefire@^1.2.9:
  version "1.2.15"
  resolved "https://registry.yarnpkg.com/stylefire/-/stylefire-1.2.15.tgz#ee681669a1cce9205c973293723ae1b3ede1372f"
  integrity sha512-09EITXX5jhJry1c5xNqvPZCB4HDAOqN90/CAuIogSXJxiNUXNJk/A7nVNVzCMugZnZnuf8Nw/V6k64PdUDDuCQ==
  dependencies:
    framesync "^3.0.2"
    style-value-types "^1.0.4"
