# THIS IS AN AUTOGENERATED FILE. DO NOT EDIT THIS FILE DIRECTLY.
# yarn lockfile v1


"@types/d3-ease@^1.0.9":
  version "1.0.10"
  resolved "https://registry.yarnpkg.com/@types/d3-ease/-/d3-ease-1.0.10.tgz#09910e8558439b6038a7ed620650e510394ffa6d"
  integrity sha512-fMFTCzd8DOwruE9zlu2O8ci5ct+U5jkGcDS+cH+HCidnJlDs0MZ+TuSVCFtEzh4E5MasItwy+HvgoFtxPHa5Cw==

"@types/lodash-es@^4.17.4":
  version "4.17.5"
  resolved "https://registry.yarnpkg.com/@types/lodash-es/-/lodash-es-4.17.5.tgz#1c3fdd16849d84aea43890b1c60da379fb501353"
  integrity sha512-SHBoI8/0aoMQWAgUHMQ599VM6ZiSKg8sh/0cFqqlQQMyY9uEplc0ULU5yQNzcvdR4ZKa0ey8+vFmahuRbOCT1A==
  dependencies:
    "@types/lodash" "*"

"@types/lodash@*":
  version "4.14.175"
  resolved "https://registry.yarnpkg.com/@types/lodash/-/lodash-4.14.175.tgz#b78dfa959192b01fae0ad90e166478769b215f45"
  integrity sha512-XmdEOrKQ8a1Y/yxQFOMbC47G/V2VDO1GvMRnl4O75M4GW/abC5tnfzadQYkqEveqRM1dEJGFFegfPNA2vvx2iw==

"@types/three@0.126.0":
  version "0.126.0"
  resolved "https://registry.yarnpkg.com/@types/three/-/three-0.126.0.tgz#58f80e13ab5f8084741e8a9d7e804b9a31039043"
  integrity sha512-C7cFOWQpcGQAJ0PJSdU6ncZFn51fWKaV8o1Dz2fvikFRGWY8cI5/M/q5JHX7/TzCfMRadLP690Ksh8QvanSW8Q==

d3-ease@^2.0.0:
  version "2.0.0"
  resolved "https://registry.yarnpkg.com/d3-ease/-/d3-ease-2.0.0.tgz#fd1762bfca00dae4bacea504b1d628ff290ac563"
  integrity sha512-68/n9JWarxXkOWMshcT5IcjbB+agblQUaIsbnXmrzejn2O82n3p2A9R2zEB9HIEFWKFwPAEDDN8gR0VdSAyyAQ==

lodash-es@^4.17.15:
  version "4.17.21"
  resolved "https://registry.yarnpkg.com/lodash-es/-/lodash-es-4.17.21.tgz#43e626c46e6591b7750beb2b50117390c609e3ee"
  integrity sha512-mKnC+QJ9pWVzv+C4/U3rRsHapFfHvQFoFB92e52xeyGMcX6/OlIl78je1u8vePzYZSkkogMPJ2yjxxsb89cxyw==

three@0.126.1:
  version "0.126.1"
  resolved "https://registry.yarnpkg.com/three/-/three-0.126.1.tgz#cf4e4e52060fd952f6f0d5440cbd422c66bc4be7"
  integrity sha512-eOEXnZeE1FDV0XgL1u08auIP13jxdN9LQBAEmlErYzMxtIIfuGIAZbijOyookALUhqVzVOx0Tywj6n192VM+nQ==
